
Microsoft Visual Studio Solution File, Format Version 12.00
# Visual Studio Version 16
VisualStudioVersion = 16.0.29215.179
MinimumVisualStudioVersion = 10.0.40219.1
Project("{FAE04EC0-301F-11D3-BF4B-00C04F79EFBC}") = "ReviewsAnalyzerApp.UWP", "ReviewsAnalyzerApp\ReviewsAnalyzerApp.UWP\ReviewsAnalyzerApp.UWP.csproj", "{3AF60274-C30A-4EAE-B328-61BAA7A01B9F}"
EndProject
Project("{FAE04EC0-301F-11D3-BF4B-00C04F79EFBC}") = "ReviewsAnalyzerApp.Android", "ReviewsAnalyzerApp\ReviewsAnalyzerApp.Android\ReviewsAnalyzerApp.Android.csproj", "{0542328A-964F-4411-8FF2-7BAB186F36B1}"
EndProject
Project("{FAE04EC0-301F-11D3-BF4B-00C04F79EFBC}") = "ReviewsAnalyzerApp.iOS", "ReviewsAnalyzerApp\ReviewsAnalyzerApp.iOS\ReviewsAnalyzerApp.iOS.csproj", "{415A3531-E473-4856-8CB7-EF8D7DDBB4B1}"
EndProject
Project("{FAE04EC0-301F-11D3-BF4B-00C04F79EFBC}") = "ReviewsAnalyzerApp", "ReviewsAnalyzerApp\ReviewsAnalyzerApp\ReviewsAnalyzerApp.csproj", "{7454455E-CFD5-4C39-B1E1-EB9D387882D5}"
EndProject
Global
	GlobalSection(SolutionConfigurationPlatforms) = preSolution
		Debug|Any CPU = Debug|Any CPU
		Debug|ARM = Debug|ARM
		Debug|iPhone = Debug|iPhone
		Debug|iPhoneSimulator = Debug|iPhoneSimulator
		Debug|x64 = Debug|x64
		Debug|x86 = Debug|x86
		Release|Any CPU = Release|Any CPU
		Release|ARM = Release|ARM
		Release|iPhone = Release|iPhone
		Release|iPhoneSimulator = Release|iPhoneSimulator
		Release|x64 = Release|x64
		Release|x86 = Release|x86
	EndGlobalSection
	GlobalSection(ProjectConfigurationPlatforms) = postSolution
		{3AF60274-C30A-4EAE-B328-61BAA7A01B9F}.Debug|Any CPU.ActiveCfg = Debug|x86
		{3AF60274-C30A-4EAE-B328-61BAA7A01B9F}.Debug|Any CPU.Build.0 = Debug|x86
		{3AF60274-C30A-4EAE-B328-61BAA7A01B9F}.Debug|Any CPU.Deploy.0 = Debug|x86
		{3AF60274-C30A-4EAE-B328-61BAA7A01B9F}.Debug|ARM.ActiveCfg = Debug|ARM
		{3AF60274-C30A-4EAE-B328-61BAA7A01B9F}.Debug|ARM.Build.0 = Debug|ARM
		{3AF60274-C30A-4EAE-B328-61BAA7A01B9F}.Debug|ARM.Deploy.0 = Debug|ARM
		{3AF60274-C30A-4EAE-B328-61BAA7A01B9F}.Debug|iPhone.ActiveCfg = Debug|x86
		{3AF60274-C30A-4EAE-B328-61BAA7A01B9F}.Debug|iPhone.Build.0 = Debug|x86
		{3AF60274-C30A-4EAE-B328-61BAA7A01B9F}.Debug|iPhone.Deploy.0 = Debug|x86
		{3AF60274-C30A-4EAE-B328-61BAA7A01B9F}.Debug|iPhoneSimulator.ActiveCfg = Debug|x86
		{3AF60274-C30A-4EAE-B328-61BAA7A01B9F}.Debug|iPhoneSimulator.Build.0 = Debug|x86
		{3AF60274-C30A-4EAE-B328-61BAA7A01B9F}.Debug|iPhoneSimulator.Deploy.0 = Debug|x86
		{3AF60274-C30A-4EAE-B328-61BAA7A01B9F}.Debug|x64.ActiveCfg = Debug|x64
		{3AF60274-C30A-4EAE-B328-61BAA7A01B9F}.Debug|x64.Build.0 = Debug|x64
		{3AF60274-C30A-4EAE-B328-61BAA7A01B9F}.Debug|x64.Deploy.0 = Debug|x64
		{3AF60274-C30A-4EAE-B328-61BAA7A01B9F}.Debug|x86.ActiveCfg = Debug|x86
		{3AF60274-C30A-4EAE-B328-61BAA7A01B9F}.Debug|x86.Build.0 = Debug|x86
		{3AF60274-C30A-4EAE-B328-61BAA7A01B9F}.Debug|x86.Deploy.0 = Debug|x86
		{3AF60274-C30A-4EAE-B328-61BAA7A01B9F}.Release|Any CPU.ActiveCfg = Release|x86
		{3AF60274-C30A-4EAE-B328-61BAA7A01B9F}.Release|Any CPU.Build.0 = Release|x86
		{3AF60274-C30A-4EAE-B328-61BAA7A01B9F}.Release|Any CPU.Deploy.0 = Release|x86
		{3AF60274-C30A-4EAE-B328-61BAA7A01B9F}.Release|ARM.ActiveCfg = Release|ARM
		{3AF60274-C30A-4EAE-B328-61BAA7A01B9F}.Release|ARM.Build.0 = Release|ARM
		{3AF60274-C30A-4EAE-B328-61BAA7A01B9F}.Release|ARM.Deploy.0 = Release|ARM
		{3AF60274-C30A-4EAE-B328-61BAA7A01B9F}.Release|iPhone.ActiveCfg = Release|x86
		{3AF60274-C30A-4EAE-B328-61BAA7A01B9F}.Release|iPhone.Build.0 = Release|x86
		{3AF60274-C30A-4EAE-B328-61BAA7A01B9F}.Release|iPhone.Deploy.0 = Release|x86
		{3AF60274-C30A-4EAE-B328-61BAA7A01B9F}.Release|iPhoneSimulator.ActiveCfg = Release|x86
		{3AF60274-C30A-4EAE-B328-61BAA7A01B9F}.Release|iPhoneSimulator.Build.0 = Release|x86
		{3AF60274-C30A-4EAE-B328-61BAA7A01B9F}.Release|iPhoneSimulator.Deploy.0 = Release|x86
		{3AF60274-C30A-4EAE-B328-61BAA7A01B9F}.Release|x64.ActiveCfg = Release|x64
		{3AF60274-C30A-4EAE-B328-61BAA7A01B9F}.Release|x64.Build.0 = Release|x64
		{3AF60274-C30A-4EAE-B328-61BAA7A01B9F}.Release|x64.Deploy.0 = Release|x64
		{3AF60274-C30A-4EAE-B328-61BAA7A01B9F}.Release|x86.ActiveCfg = Release|x86
		{3AF60274-C30A-4EAE-B328-61BAA7A01B9F}.Release|x86.Build.0 = Release|x86
		{3AF60274-C30A-4EAE-B328-61BAA7A01B9F}.Release|x86.Deploy.0 = Release|x86
		{0542328A-964F-4411-8FF2-7BAB186F36B1}.Debug|Any CPU.ActiveCfg = Debug|Any CPU
		{0542328A-964F-4411-8FF2-7BAB186F36B1}.Debug|Any CPU.Build.0 = Debug|Any CPU
		{0542328A-964F-4411-8FF2-7BAB186F36B1}.Debug|Any CPU.Deploy.0 = Debug|Any CPU
		{0542328A-964F-4411-8FF2-7BAB186F36B1}.Debug|ARM.ActiveCfg = Debug|Any CPU
		{0542328A-964F-4411-8FF2-7BAB186F36B1}.Debug|ARM.Build.0 = Debug|Any CPU
		{0542328A-964F-4411-8FF2-7BAB186F36B1}.Debug|ARM.Deploy.0 = Debug|Any CPU
		{0542328A-964F-4411-8FF2-7BAB186F36B1}.Debug|iPhone.ActiveCfg = Debug|Any CPU
		{0542328A-964F-4411-8FF2-7BAB186F36B1}.Debug|iPhone.Build.0 = Debug|Any CPU
		{0542328A-964F-4411-8FF2-7BAB186F36B1}.Debug|iPhone.Deploy.0 = Debug|Any CPU
		{0542328A-964F-4411-8FF2-7BAB186F36B1}.Debug|iPhoneSimulator.ActiveCfg = Debug|Any CPU
		{0542328A-964F-4411-8FF2-7BAB186F36B1}.Debug|iPhoneSimulator.Build.0 = Debug|Any CPU
		{0542328A-964F-4411-8FF2-7BAB186F36B1}.Debug|iPhoneSimulator.Deploy.0 = Debug|Any CPU
		{0542328A-964F-4411-8FF2-7BAB186F36B1}.Debug|x64.ActiveCfg = Debug|Any CPU
		{0542328A-964F-4411-8FF2-7BAB186F36B1}.Debug|x64.Build.0 = Debug|Any CPU
		{0542328A-964F-4411-8FF2-7BAB186F36B1}.Debug|x64.Deploy.0 = Debug|Any CPU
		{0542328A-964F-4411-8FF2-7BAB186F36B1}.Debug|x86.ActiveCfg = Debug|Any CPU
		{0542328A-964F-4411-8FF2-7BAB186F36B1}.Debug|x86.Build.0 = Debug|Any CPU
		{0542328A-964F-4411-8FF2-7BAB186F36B1}.Debug|x86.Deploy.0 = Debug|Any CPU
		{0542328A-964F-4411-8FF2-7BAB186F36B1}.Release|Any CPU.ActiveCfg = Release|Any CPU
		{0542328A-964F-4411-8FF2-7BAB186F36B1}.Release|Any CPU.Build.0 = Release|Any CPU
		{0542328A-964F-4411-8FF2-7BAB186F36B1}.Release|Any CPU.Deploy.0 = Release|Any CPU
		{0542328A-964F-4411-8FF2-7BAB186F36B1}.Release|ARM.ActiveCfg = Release|Any CPU
		{0542328A-964F-4411-8FF2-7BAB186F36B1}.Release|ARM.Build.0 = Release|Any CPU
		{0542328A-964F-4411-8FF2-7BAB186F36B1}.Release|ARM.Deploy.0 = Release|Any CPU
		{0542328A-964F-4411-8FF2-7BAB186F36B1}.Release|iPhone.ActiveCfg = Release|Any CPU
		{0542328A-964F-4411-8FF2-7BAB186F36B1}.Release|iPhone.Build.0 = Release|Any CPU
		{0542328A-964F-4411-8FF2-7BAB186F36B1}.Release|iPhone.Deploy.0 = Release|Any CPU
		{0542328A-964F-4411-8FF2-7BAB186F36B1}.Release|iPhoneSimulator.ActiveCfg = Release|Any CPU
		{0542328A-964F-4411-8FF2-7BAB186F36B1}.Release|iPhoneSimulator.Build.0 = Release|Any CPU
		{0542328A-964F-4411-8FF2-7BAB186F36B1}.Release|iPhoneSimulator.Deploy.0 = Release|Any CPU
		{0542328A-964F-4411-8FF2-7BAB186F36B1}.Release|x64.ActiveCfg = Release|Any CPU
		{0542328A-964F-4411-8FF2-7BAB186F36B1}.Release|x64.Build.0 = Release|Any CPU
		{0542328A-964F-4411-8FF2-7BAB186F36B1}.Release|x64.Deploy.0 = Release|Any CPU
		{0542328A-964F-4411-8FF2-7BAB186F36B1}.Release|x86.ActiveCfg = Release|Any CPU
		{0542328A-964F-4411-8FF2-7BAB186F36B1}.Release|x86.Build.0 = Release|Any CPU
		{0542328A-964F-4411-8FF2-7BAB186F36B1}.Release|x86.Deploy.0 = Release|Any CPU
		{415A3531-E473-4856-8CB7-EF8D7DDBB4B1}.Debug|Any CPU.ActiveCfg = Debug|iPhone
		{415A3531-E473-4856-8CB7-EF8D7DDBB4B1}.Debug|Any CPU.Build.0 = Debug|iPhone
		{415A3531-E473-4856-8CB7-EF8D7DDBB4B1}.Debug|Any CPU.Deploy.0 = Debug|iPhone
		{415A3531-E473-4856-8CB7-EF8D7DDBB4B1}.Debug|ARM.ActiveCfg = Debug|iPhoneSimulator
		{415A3531-E473-4856-8CB7-EF8D7DDBB4B1}.Debug|ARM.Build.0 = Debug|iPhoneSimulator
		{415A3531-E473-4856-8CB7-EF8D7DDBB4B1}.Debug|ARM.Deploy.0 = Debug|iPhoneSimulator
		{415A3531-E473-4856-8CB7-EF8D7DDBB4B1}.Debug|iPhone.ActiveCfg = Debug|iPhone
		{415A3531-E473-4856-8CB7-EF8D7DDBB4B1}.Debug|iPhone.Build.0 = Debug|iPhone
		{415A3531-E473-4856-8CB7-EF8D7DDBB4B1}.Debug|iPhone.Deploy.0 = Debug|iPhone
		{415A3531-E473-4856-8CB7-EF8D7DDBB4B1}.Debug|iPhoneSimulator.ActiveCfg = Debug|iPhoneSimulator
		{415A3531-E473-4856-8CB7-EF8D7DDBB4B1}.Debug|iPhoneSimulator.Build.0 = Debug|iPhoneSimulator
		{415A3531-E473-4856-8CB7-EF8D7DDBB4B1}.Debug|iPhoneSimulator.Deploy.0 = Debug|iPhoneSimulator
		{415A3531-E473-4856-8CB7-EF8D7DDBB4B1}.Debug|x64.ActiveCfg = Debug|iPhone
		{415A3531-E473-4856-8CB7-EF8D7DDBB4B1}.Debug|x64.Build.0 = Debug|iPhone
		{415A3531-E473-4856-8CB7-EF8D7DDBB4B1}.Debug|x64.Deploy.0 = Debug|iPhone
		{415A3531-E473-4856-8CB7-EF8D7DDBB4B1}.Debug|x86.ActiveCfg = Debug|iPhone
		{415A3531-E473-4856-8CB7-EF8D7DDBB4B1}.Debug|x86.Build.0 = Debug|iPhone
		{415A3531-E473-4856-8CB7-EF8D7DDBB4B1}.Debug|x86.Deploy.0 = Debug|iPhone
		{415A3531-E473-4856-8CB7-EF8D7DDBB4B1}.Release|Any CPU.ActiveCfg = Release|iPhone
		{415A3531-E473-4856-8CB7-EF8D7DDBB4B1}.Release|Any CPU.Build.0 = Release|iPhone
		{415A3531-E473-4856-8CB7-EF8D7DDBB4B1}.Release|Any CPU.Deploy.0 = Release|iPhone
		{415A3531-E473-4856-8CB7-EF8D7DDBB4B1}.Release|ARM.ActiveCfg = Release|iPhone
		{415A3531-E473-4856-8CB7-EF8D7DDBB4B1}.Release|ARM.Build.0 = Release|iPhone
		{415A3531-E473-4856-8CB7-EF8D7DDBB4B1}.Release|ARM.Deploy.0 = Release|iPhone
		{415A3531-E473-4856-8CB7-EF8D7DDBB4B1}.Release|iPhone.ActiveCfg = Release|iPhone
		{415A3531-E473-4856-8CB7-EF8D7DDBB4B1}.Release|iPhone.Build.0 = Release|iPhone
		{415A3531-E473-4856-8CB7-EF8D7DDBB4B1}.Release|iPhone.Deploy.0 = Release|iPhone
		{415A3531-E473-4856-8CB7-EF8D7DDBB4B1}.Release|iPhoneSimulator.ActiveCfg = Release|iPhoneSimulator
		{415A3531-E473-4856-8CB7-EF8D7DDBB4B1}.Release|iPhoneSimulator.Build.0 = Release|iPhoneSimulator
		{415A3531-E473-4856-8CB7-EF8D7DDBB4B1}.Release|iPhoneSimulator.Deploy.0 = Release|iPhoneSimulator
		{415A3531-E473-4856-8CB7-EF8D7DDBB4B1}.Release|x64.ActiveCfg = Release|iPhone
		{415A3531-E473-4856-8CB7-EF8D7DDBB4B1}.Release|x64.Build.0 = Release|iPhone
		{415A3531-E473-4856-8CB7-EF8D7DDBB4B1}.Release|x64.Deploy.0 = Release|iPhone
		{415A3531-E473-4856-8CB7-EF8D7DDBB4B1}.Release|x86.ActiveCfg = Release|iPhone
		{415A3531-E473-4856-8CB7-EF8D7DDBB4B1}.Release|x86.Build.0 = Release|iPhone
		{415A3531-E473-4856-8CB7-EF8D7DDBB4B1}.Release|x86.Deploy.0 = Release|iPhone
		{7454455E-CFD5-4C39-B1E1-EB9D387882D5}.Debug|Any CPU.ActiveCfg = Debug|Any CPU
		{7454455E-CFD5-4C39-B1E1-EB9D387882D5}.Debug|Any CPU.Build.0 = Debug|Any CPU
		{7454455E-CFD5-4C39-B1E1-EB9D387882D5}.Debug|Any CPU.Deploy.0 = Debug|Any CPU
		{7454455E-CFD5-4C39-B1E1-EB9D387882D5}.Debug|ARM.ActiveCfg = Debug|Any CPU
		{7454455E-CFD5-4C39-B1E1-EB9D387882D5}.Debug|ARM.Build.0 = Debug|Any CPU
		{7454455E-CFD5-4C39-B1E1-EB9D387882D5}.Debug|ARM.Deploy.0 = Debug|Any CPU
		{7454455E-CFD5-4C39-B1E1-EB9D387882D5}.Debug|iPhone.ActiveCfg = Debug|Any CPU
		{7454455E-CFD5-4C39-B1E1-EB9D387882D5}.Debug|iPhone.Build.0 = Debug|Any CPU
		{7454455E-CFD5-4C39-B1E1-EB9D387882D5}.Debug|iPhone.Deploy.0 = Debug|Any CPU
		{7454455E-CFD5-4C39-B1E1-EB9D387882D5}.Debug|iPhoneSimulator.ActiveCfg = Debug|Any CPU
		{7454455E-CFD5-4C39-B1E1-EB9D387882D5}.Debug|iPhoneSimulator.Build.0 = Debug|Any CPU
		{7454455E-CFD5-4C39-B1E1-EB9D387882D5}.Debug|iPhoneSimulator.Deploy.0 = Debug|Any CPU
		{7454455E-CFD5-4C39-B1E1-EB9D387882D5}.Debug|x64.ActiveCfg = Debug|Any CPU
		{7454455E-CFD5-4C39-B1E1-EB9D387882D5}.Debug|x64.Build.0 = Debug|Any CPU
		{7454455E-CFD5-4C39-B1E1-EB9D387882D5}.Debug|x64.Deploy.0 = Debug|Any CPU
		{7454455E-CFD5-4C39-B1E1-EB9D387882D5}.Debug|x86.ActiveCfg = Debug|Any CPU
		{7454455E-CFD5-4C39-B1E1-EB9D387882D5}.Debug|x86.Build.0 = Debug|Any CPU
		{7454455E-CFD5-4C39-B1E1-EB9D387882D5}.Debug|x86.Deploy.0 = Debug|Any CPU
		{7454455E-CFD5-4C39-B1E1-EB9D387882D5}.Release|Any CPU.ActiveCfg = Release|Any CPU
		{7454455E-CFD5-4C39-B1E1-EB9D387882D5}.Release|Any CPU.Build.0 = Release|Any CPU
		{7454455E-CFD5-4C39-B1E1-EB9D387882D5}.Release|Any CPU.Deploy.0 = Release|Any CPU
		{7454455E-CFD5-4C39-B1E1-EB9D387882D5}.Release|ARM.ActiveCfg = Release|Any CPU
		{7454455E-CFD5-4C39-B1E1-EB9D387882D5}.Release|ARM.Build.0 = Release|Any CPU
		{7454455E-CFD5-4C39-B1E1-EB9D387882D5}.Release|ARM.Deploy.0 = Release|Any CPU
		{7454455E-CFD5-4C39-B1E1-EB9D387882D5}.Release|iPhone.ActiveCfg = Release|Any CPU
		{7454455E-CFD5-4C39-B1E1-EB9D387882D5}.Release|iPhone.Build.0 = Release|Any CPU
		{7454455E-CFD5-4C39-B1E1-EB9D387882D5}.Release|iPhone.Deploy.0 = Release|Any CPU
		{7454455E-CFD5-4C39-B1E1-EB9D387882D5}.Release|iPhoneSimulator.ActiveCfg = Release|Any CPU
		{7454455E-CFD5-4C39-B1E1-EB9D387882D5}.Release|iPhoneSimulator.Build.0 = Release|Any CPU
		{7454455E-CFD5-4C39-B1E1-EB9D387882D5}.Release|iPhoneSimulator.Deploy.0 = Release|Any CPU
		{7454455E-CFD5-4C39-B1E1-EB9D387882D5}.Release|x64.ActiveCfg = Release|Any CPU
		{7454455E-CFD5-4C39-B1E1-EB9D387882D5}.Release|x64.Build.0 = Release|Any CPU
		{7454455E-CFD5-4C39-B1E1-EB9D387882D5}.Release|x64.Deploy.0 = Release|Any CPU
		{7454455E-CFD5-4C39-B1E1-EB9D387882D5}.Release|x86.ActiveCfg = Release|Any CPU
		{7454455E-CFD5-4C39-B1E1-EB9D387882D5}.Release|x86.Build.0 = Release|Any CPU
		{7454455E-CFD5-4C39-B1E1-EB9D387882D5}.Release|x86.Deploy.0 = Release|Any CPU
	EndGlobalSection
	GlobalSection(SolutionProperties) = preSolution
		HideSolutionNode = FALSE
	EndGlobalSection
	GlobalSection(ExtensibilityGlobals) = postSolution
		SolutionGuid = {249946BC-C725-4FE1-93BA-69D921BE9B26}
	EndGlobalSection
EndGlobal
